
Microsoft Visual Studio Solution File, Format Version 12.00
# Visual Studio Version 17
VisualStudioVersion = 17.14.36221.1
MinimumVisualStudioVersion = 10.0.40219.1
Project("{FAE04EC0-301F-11D3-BF4B-00C04F79EFBC}") = "BaseFunctional", "BaseFunctional\BaseFunctional.csproj", "{4EB03BF7-FDE2-4E99-9CAA-31647BBDAC27}"
EndProject
Project("{FAE04EC0-301F-11D3-BF4B-00C04F79EFBC}") = "Snippets.Cli", "Snippets.Cli\Snippets.Cli.csproj", "{3EB39046-3C5D-4828-AFB3-F0DE9A01BF9D}"
EndProject
Global
	GlobalSection(SolutionConfigurationPlatforms) = preSolution
		Debug|Any CPU = Debug|Any CPU
		Release|Any CPU = Release|Any CPU
	EndGlobalSection
	GlobalSection(ProjectConfigurationPlatforms) = postSolution
		{4EB03BF7-FDE2-4E99-9CAA-31647BBDAC27}.Debug|Any CPU.ActiveCfg = Debug|Any CPU
		{4EB03BF7-FDE2-4E99-9CAA-31647BBDAC27}.Debug|Any CPU.Build.0 = Debug|Any CPU
		{4EB03BF7-FDE2-4E99-9CAA-31647BBDAC27}.Release|Any CPU.ActiveCfg = Release|Any CPU
		{4EB03BF7-FDE2-4E99-9CAA-31647BBDAC27}.Release|Any CPU.Build.0 = Release|Any CPU
		{3EB39046-3C5D-4828-AFB3-F0DE9A01BF9D}.Debug|Any CPU.ActiveCfg = Debug|Any CPU
		{3EB39046-3C5D-4828-AFB3-F0DE9A01BF9D}.Debug|Any CPU.Build.0 = Debug|Any CPU
		{3EB39046-3C5D-4828-AFB3-F0DE9A01BF9D}.Release|Any CPU.ActiveCfg = Release|Any CPU
		{3EB39046-3C5D-4828-AFB3-F0DE9A01BF9D}.Release|Any CPU.Build.0 = Release|Any CPU
	EndGlobalSection
	GlobalSection(SolutionProperties) = preSolution
		HideSolutionNode = FALSE
	EndGlobalSection
	GlobalSection(ExtensibilityGlobals) = postSolution
		SolutionGuid = {133A6F75-F4F6-45A1-AD1B-953811CD5630}
	EndGlobalSection
EndGlobal
